
Microsoft Visual Studio Solution File, Format Version 12.00
# Visual Studio Version 17
VisualStudioVersion = 17.9.34607.119
MinimumVisualStudioVersion = 10.0.40219.1
Project("{F184B08F-C81C-45F6-A57F-5ABD9991F28F}") = "Gestion-Ando", "Gestion-Ando\Gestion-Ando.vbproj", "{00F7833C-50A7-4C50-8AD6-DE476503E8D4}"
EndProject
Global
	GlobalSection(SolutionConfigurationPlatforms) = preSolution
		Debug|Any CPU = Debug|Any CPU
		Release|Any CPU = Release|Any CPU
	EndGlobalSection
	GlobalSection(ProjectConfigurationPlatforms) = postSolution
		{00F7833C-50A7-4C50-8AD6-DE476503E8D4}.Debug|Any CPU.ActiveCfg = Debug|Any CPU
		{00F7833C-50A7-4C50-8AD6-DE476503E8D4}.Debug|Any CPU.Build.0 = Debug|Any CPU
		{00F7833C-50A7-4C50-8AD6-DE476503E8D4}.Release|Any CPU.ActiveCfg = Release|Any CPU
		{00F7833C-50A7-4C50-8AD6-DE476503E8D4}.Release|Any CPU.Build.0 = Release|Any CPU
	EndGlobalSection
	GlobalSection(SolutionProperties) = preSolution
		HideSolutionNode = FALSE
	EndGlobalSection
	GlobalSection(ExtensibilityGlobals) = postSolution
		SolutionGuid = {642DA10B-A81A-4335-9722-4DD42CA5AE25}
	EndGlobalSection
EndGlobal
